
Microsoft Visual Studio Solution File, Format Version 12.00
# Visual Studio Version 17
VisualStudioVersion = 17.14.36109.1 d17.14
MinimumVisualStudioVersion = 10.0.40219.1
Project("{FAE04EC0-301F-11D3-BF4B-00C04F79EFBC}") = "WebApp", "WebApp\WebApp.csproj", "{8E09197C-82FC-4E16-886A-333047E6A7B9}"
EndProject
Global
	GlobalSection(SolutionConfigurationPlatforms) = preSolution
		Debug|Any CPU = Debug|Any CPU
		Release|Any CPU = Release|Any CPU
	EndGlobalSection
	GlobalSection(ProjectConfigurationPlatforms) = postSolution
		{8E09197C-82FC-4E16-886A-333047E6A7B9}.Debug|Any CPU.ActiveCfg = Debug|Any CPU
		{8E09197C-82FC-4E16-886A-333047E6A7B9}.Debug|Any CPU.Build.0 = Debug|Any CPU
		{8E09197C-82FC-4E16-886A-333047E6A7B9}.Release|Any CPU.ActiveCfg = Release|Any CPU
		{8E09197C-82FC-4E16-886A-333047E6A7B9}.Release|Any CPU.Build.0 = Release|Any CPU
	EndGlobalSection
	GlobalSection(SolutionProperties) = preSolution
		HideSolutionNode = FALSE
	EndGlobalSection
	GlobalSection(ExtensibilityGlobals) = postSolution
		SolutionGuid = {6C750046-B85C-4B5A-999D-5A4B03171096}
	EndGlobalSection
EndGlobal
