
Microsoft Visual Studio Solution File, Format Version 12.00
# Visual Studio Version 17
VisualStudioVersion = 17.14.36109.1
MinimumVisualStudioVersion = 10.0.40219.1
Project("{FAE04EC0-301F-11D3-BF4B-00C04F79EFBC}") = "RoughSheet", "RoughSheet.csproj", "{39DDFA2E-FBE1-4AF9-B9C6-0BF99F3ECEEC}"
EndProject
Project("{FAE04EC0-301F-11D3-BF4B-00C04F79EFBC}") = "ConsoleAppRoughSheet", "..\ConsoleAppRoughSheet\ConsoleAppRoughSheet.csproj", "{F71D2493-8EEB-4E5A-B11D-6368FA51A460}"
EndProject
Project("{FAE04EC0-301F-11D3-BF4B-00C04F79EFBC}") = "ConsoleApp2", "..\ConsoleApp2\ConsoleApp2.csproj", "{38CA541A-A90F-4480-92C5-B7873DFD49F6}"
EndProject
Global
	GlobalSection(SolutionConfigurationPlatforms) = preSolution
		Debug|Any CPU = Debug|Any CPU
		Release|Any CPU = Release|Any CPU
	EndGlobalSection
	GlobalSection(ProjectConfigurationPlatforms) = postSolution
		{39DDFA2E-FBE1-4AF9-B9C6-0BF99F3ECEEC}.Debug|Any CPU.ActiveCfg = Debug|Any CPU
		{39DDFA2E-FBE1-4AF9-B9C6-0BF99F3ECEEC}.Debug|Any CPU.Build.0 = Debug|Any CPU
		{39DDFA2E-FBE1-4AF9-B9C6-0BF99F3ECEEC}.Release|Any CPU.ActiveCfg = Release|Any CPU
		{39DDFA2E-FBE1-4AF9-B9C6-0BF99F3ECEEC}.Release|Any CPU.Build.0 = Release|Any CPU
		{F71D2493-8EEB-4E5A-B11D-6368FA51A460}.Debug|Any CPU.ActiveCfg = Debug|Any CPU
		{F71D2493-8EEB-4E5A-B11D-6368FA51A460}.Debug|Any CPU.Build.0 = Debug|Any CPU
		{F71D2493-8EEB-4E5A-B11D-6368FA51A460}.Release|Any CPU.ActiveCfg = Release|Any CPU
		{F71D2493-8EEB-4E5A-B11D-6368FA51A460}.Release|Any CPU.Build.0 = Release|Any CPU
		{38CA541A-A90F-4480-92C5-B7873DFD49F6}.Debug|Any CPU.ActiveCfg = Debug|Any CPU
		{38CA541A-A90F-4480-92C5-B7873DFD49F6}.Debug|Any CPU.Build.0 = Debug|Any CPU
		{38CA541A-A90F-4480-92C5-B7873DFD49F6}.Release|Any CPU.ActiveCfg = Release|Any CPU
		{38CA541A-A90F-4480-92C5-B7873DFD49F6}.Release|Any CPU.Build.0 = Release|Any CPU
	EndGlobalSection
	GlobalSection(SolutionProperties) = preSolution
		HideSolutionNode = FALSE
	EndGlobalSection
	GlobalSection(ExtensibilityGlobals) = postSolution
		SolutionGuid = {8204590B-7CAB-4B0E-913F-CFC39D4CB129}
	EndGlobalSection
EndGlobal
