
Microsoft Visual Studio Solution File, Format Version 12.00
# Visual Studio Version 17
VisualStudioVersion = 17.14.36109.1 d17.14
MinimumVisualStudioVersion = 10.0.40219.1
Project("{FAE04EC0-301F-11D3-BF4B-00C04F79EFBC}") = "OlaideProjectNameInDifferentFolder", "OlaideProjectNameInDifferentFolder\OlaideProjectNameInDifferentFolder.csproj", "{52867FA7-638F-447A-A282-CB37D59E5C95}"
EndProject
Project("{FAE04EC0-301F-11D3-BF4B-00C04F79EFBC}") = "OlaideSecondProjectName", "OlaideSecondProjectName\OlaideSecondProjectName.csproj", "{3ED5F119-B08A-497E-9DA4-68D70F931DD7}"
EndProject
Project("{FAE04EC0-301F-11D3-BF4B-00C04F79EFBC}") = "ClassLibraryThird", "ClassLibraryThird\ClassLibraryThird.csproj", "{C2D61BC7-37F2-493B-8403-7D27154D7F96}"
EndProject
Project("{2150E333-8FDC-42A3-9474-1A3956D46DE8}") = "Solution Items", "Solution Items", "{8EC462FD-D22E-90A8-E5CE-7E832BA40C5D}"
	ProjectSection(SolutionItems) = preProject
		Document.html = Document.html
		Script1.js = Script1.js
		StyleSheet1.css = StyleSheet1.css
		TextFile1.txt = TextFile1.txt
		XMLFile1.xml = XMLFile1.xml
	EndProjectSection
EndProject
Project("{2150E333-8FDC-42A3-9474-1A3956D46DE8}") = "Could this be possible", "Could this be possible", "{02EA681E-C7D8-13C7-8484-4AC65E1B71E8}"
EndProject
Project("{FAE04EC0-301F-11D3-BF4B-00C04F79EFBC}") = "Miscellaneous", "Miscellaneous\Miscellaneous.csproj", "{A93FD18E-18F5-45AF-AD78-CA2A4FD6F191}"
EndProject
Global
	GlobalSection(SolutionConfigurationPlatforms) = preSolution
		Debug|Any CPU = Debug|Any CPU
		Release|Any CPU = Release|Any CPU
	EndGlobalSection
	GlobalSection(ProjectConfigurationPlatforms) = postSolution
		{52867FA7-638F-447A-A282-CB37D59E5C95}.Debug|Any CPU.ActiveCfg = Debug|Any CPU
		{52867FA7-638F-447A-A282-CB37D59E5C95}.Debug|Any CPU.Build.0 = Debug|Any CPU
		{52867FA7-638F-447A-A282-CB37D59E5C95}.Release|Any CPU.ActiveCfg = Release|Any CPU
		{52867FA7-638F-447A-A282-CB37D59E5C95}.Release|Any CPU.Build.0 = Release|Any CPU
		{3ED5F119-B08A-497E-9DA4-68D70F931DD7}.Debug|Any CPU.ActiveCfg = Debug|Any CPU
		{3ED5F119-B08A-497E-9DA4-68D70F931DD7}.Debug|Any CPU.Build.0 = Debug|Any CPU
		{3ED5F119-B08A-497E-9DA4-68D70F931DD7}.Release|Any CPU.ActiveCfg = Release|Any CPU
		{3ED5F119-B08A-497E-9DA4-68D70F931DD7}.Release|Any CPU.Build.0 = Release|Any CPU
		{C2D61BC7-37F2-493B-8403-7D27154D7F96}.Debug|Any CPU.ActiveCfg = Debug|Any CPU
		{C2D61BC7-37F2-493B-8403-7D27154D7F96}.Debug|Any CPU.Build.0 = Debug|Any CPU
		{C2D61BC7-37F2-493B-8403-7D27154D7F96}.Release|Any CPU.ActiveCfg = Release|Any CPU
		{C2D61BC7-37F2-493B-8403-7D27154D7F96}.Release|Any CPU.Build.0 = Release|Any CPU
		{A93FD18E-18F5-45AF-AD78-CA2A4FD6F191}.Debug|Any CPU.ActiveCfg = Debug|Any CPU
		{A93FD18E-18F5-45AF-AD78-CA2A4FD6F191}.Debug|Any CPU.Build.0 = Debug|Any CPU
		{A93FD18E-18F5-45AF-AD78-CA2A4FD6F191}.Release|Any CPU.ActiveCfg = Release|Any CPU
		{A93FD18E-18F5-45AF-AD78-CA2A4FD6F191}.Release|Any CPU.Build.0 = Release|Any CPU
	EndGlobalSection
	GlobalSection(SolutionProperties) = preSolution
		HideSolutionNode = FALSE
	EndGlobalSection
	GlobalSection(NestedProjects) = preSolution
		{A93FD18E-18F5-45AF-AD78-CA2A4FD6F191} = {02EA681E-C7D8-13C7-8484-4AC65E1B71E8}
	EndGlobalSection
	GlobalSection(ExtensibilityGlobals) = postSolution
		SolutionGuid = {E58B8B6A-0B60-4817-9D1E-A46A44BC8338}
	EndGlobalSection
EndGlobal
